{
  "nodes": {
    "home-manager": {
      "inputs": {
        "nixpkgs": [
          "nixpkgs"
        ]
      },
      "locked": {
        "lastModified": 1696940889,
        "narHash": "sha256-p2Wic74A1tZpFcld1wSEbFQQbrZ/tPDuLieCnspamQo=",
        "owner": "nix-community",
        "repo": "home-manager",
        "rev": "6bba64781e4b7c1f91a733583defbd3e46b49408",
        "type": "github"
      },
      "original": {
        "owner": "nix-community",
        "ref": "master",
        "repo": "home-manager",
        "type": "github"
      }
    },
    "nixpkgs": {
      "locked": {
        "lastModified": 1696434248,
        "narHash": "sha256-qivb3b3b5Cxe5/8qwCJ4CJCw/ENtim5zlhDItGR0p1I=",
        "owner": "nixos",
        "repo": "nixpkgs",
        "rev": "349bdd9653c42f1793d338b43aefe08883c5ebee",
        "type": "github"
      },
      "original": {
        "owner": "nixos",
        "repo": "nixpkgs",
        "rev": "349bdd9653c42f1793d338b43aefe08883c5ebee",
        "type": "github"
      }
    },
    "pmacs": {
      "locked": {
        "lastModified": 1696434248,
        "narHash": "sha256-qivb3b3b5Cxe5/8qwCJ4CJCw/ENtim5zlhDItGR0p1I=",
        "owner": "nixos",
        "repo": "nixpkgs",
        "rev": "349bdd9653c42f1793d338b43aefe08883c5ebee",
        "type": "github"
      },
      "original": {
        "owner": "nixos",
        "repo": "nixpkgs",
        "rev": "349bdd9653c42f1793d338b43aefe08883c5ebee",
        "type": "github"
      }
    },
    "root": {
      "inputs": {
        "home-manager": "home-manager",
        "nixpkgs": "nixpkgs",
        "pmacs": "pmacs"
      }
    }
  },
  "root": "root",
  "version": 7
}
