{
  "nodes": {
    "home-manager": {
      "inputs": {
        "nixpkgs": [
          "nixpkgs"
        ]
      },
      "locked": {
        "lastModified": 1682977601,
        "narHash": "sha256-F1Va/Uiw2tVNn27FLqWyBkiqDyIm/eCamw9wA/GK8Fw=",
        "owner": "nix-community",
        "repo": "home-manager",
        "rev": "0e4c33d76006c9080d2f228ba1c2308e3e4d7be6",
        "type": "github"
      },
      "original": {
        "owner": "nix-community",
        "ref": "master",
        "repo": "home-manager",
        "type": "github"
      }
    },
    "nixpkgs": {
      "locked": {
        "lastModified": 1683019379,
        "narHash": "sha256-UFXq80uKZI9PNvPjWT27G9LnMMWcoHAO4TdWe9j6bZw=",
        "owner": "nixos",
        "repo": "nixpkgs",
        "rev": "f5c3f099a79f24033223005579fc41d3f87b06b5",
        "type": "github"
      },
      "original": {
        "owner": "nixos",
        "ref": "nixos-unstable-small",
        "repo": "nixpkgs",
        "type": "github"
      }
    },
    "root": {
      "inputs": {
        "home-manager": "home-manager",
        "nixpkgs": "nixpkgs"
      }
    }
  },
  "root": "root",
  "version": 7
}
